
Microsoft Visual Studio Solution File, Format Version 12.00
# Visual Studio Version 17
VisualStudioVersion = 17.2.32630.192
MinimumVisualStudioVersion = 10.0.40219.1
Project("{FAE04EC0-301F-11D3-BF4B-00C04F79EFBC}") = "AspNetCoreRazor", "AspNetCoreRazor\AspNetCoreRazor.csproj", "{7D909D5A-59BC-46DB-9083-261BC4C5037D}"
EndProject
Global
	GlobalSection(SolutionConfigurationPlatforms) = preSolution
		Debug|Any CPU = Debug|Any CPU
		Release|Any CPU = Release|Any CPU
	EndGlobalSection
	GlobalSection(ProjectConfigurationPlatforms) = postSolution
		{7D909D5A-59BC-46DB-9083-261BC4C5037D}.Debug|Any CPU.ActiveCfg = Debug|Any CPU
		{7D909D5A-59BC-46DB-9083-261BC4C5037D}.Debug|Any CPU.Build.0 = Debug|Any CPU
		{7D909D5A-59BC-46DB-9083-261BC4C5037D}.Release|Any CPU.ActiveCfg = Release|Any CPU
		{7D909D5A-59BC-46DB-9083-261BC4C5037D}.Release|Any CPU.Build.0 = Release|Any CPU
	EndGlobalSection
	GlobalSection(SolutionProperties) = preSolution
		HideSolutionNode = FALSE
	EndGlobalSection
	GlobalSection(ExtensibilityGlobals) = postSolution
		SolutionGuid = {DE4BAEFC-667C-4E42-B74E-54037D8E9B8F}
	EndGlobalSection
EndGlobal
